
Microsoft Visual Studio Solution File, Format Version 12.00
# Visual Studio 15
VisualStudioVersion = 15.0.27004.2002
MinimumVisualStudioVersion = 10.0.40219.1
Project("{FAE04EC0-301F-11D3-BF4B-00C04F79EFBC}") = "Estoque", "Estoque\Estoque.csproj", "{C8E8493B-3A29-4EE4-A63C-1D2044611F5E}"
EndProject
Global
	GlobalSection(SolutionConfigurationPlatforms) = preSolution
		Debug|Any CPU = Debug|Any CPU
		Release|Any CPU = Release|Any CPU
	EndGlobalSection
	GlobalSection(ProjectConfigurationPlatforms) = postSolution
		{C8E8493B-3A29-4EE4-A63C-1D2044611F5E}.Debug|Any CPU.ActiveCfg = Debug|Any CPU
		{C8E8493B-3A29-4EE4-A63C-1D2044611F5E}.Debug|Any CPU.Build.0 = Debug|Any CPU
		{C8E8493B-3A29-4EE4-A63C-1D2044611F5E}.Release|Any CPU.ActiveCfg = Release|Any CPU
		{C8E8493B-3A29-4EE4-A63C-1D2044611F5E}.Release|Any CPU.Build.0 = Release|Any CPU
	EndGlobalSection
	GlobalSection(SolutionProperties) = preSolution
		HideSolutionNode = FALSE
	EndGlobalSection
	GlobalSection(ExtensibilityGlobals) = postSolution
		SolutionGuid = {36F2694A-4300-40D7-B68A-411431D110F4}
	EndGlobalSection
EndGlobal
